
Microsoft Visual Studio Solution File, Format Version 12.00
# Visual Studio Version 17
VisualStudioVersion = 17.9.34728.123
MinimumVisualStudioVersion = 10.0.40219.1
Project("{FAE04EC0-301F-11D3-BF4B-00C04F79EFBC}") = "ychebka no norm", "ychebka no norm\ychebka no norm.csproj", "{C1901F48-7040-4EC0-AB7F-68760DDDDEC7}"
EndProject
Global
	GlobalSection(SolutionConfigurationPlatforms) = preSolution
		Debug|Any CPU = Debug|Any CPU
		Release|Any CPU = Release|Any CPU
	EndGlobalSection
	GlobalSection(ProjectConfigurationPlatforms) = postSolution
		{C1901F48-7040-4EC0-AB7F-68760DDDDEC7}.Debug|Any CPU.ActiveCfg = Debug|Any CPU
		{C1901F48-7040-4EC0-AB7F-68760DDDDEC7}.Debug|Any CPU.Build.0 = Debug|Any CPU
		{C1901F48-7040-4EC0-AB7F-68760DDDDEC7}.Release|Any CPU.ActiveCfg = Release|Any CPU
		{C1901F48-7040-4EC0-AB7F-68760DDDDEC7}.Release|Any CPU.Build.0 = Release|Any CPU
	EndGlobalSection
	GlobalSection(SolutionProperties) = preSolution
		HideSolutionNode = FALSE
	EndGlobalSection
	GlobalSection(ExtensibilityGlobals) = postSolution
		SolutionGuid = {8443B2AF-65AB-4A2E-8559-E154DE06B845}
	EndGlobalSection
EndGlobal
